// !$*UTF8*$!
{
	archiveVersion = 1;
	classes = {
	};
	objectVersion = 46;
	objects = {

/* Begin PBXBuildFile section */
		F1AA7503196267FE00F3F6D1 /* Foundation.framework in Frameworks */ = {isa = PBXBuildFile; fileRef = F1AA7502196267FE00F3F6D1 /* Foundation.framework */; };
		F1AA7505196267FE00F3F6D1 /* CoreGraphics.framework in Frameworks */ = {isa = PBXBuildFile; fileRef = F1AA7504196267FE00F3F6D1 /* CoreGraphics.framework */; };
		F1AA7507196267FE00F3F6D1 /* UIKit.framework in Frameworks */ = {isa = PBXBuildFile; fileRef = F1AA7506196267FE00F3F6D1 /* UIKit.framework */; };
		F1AA750D196267FE00F3F6D1 /* InfoPlist.strings in Resources */ = {isa = PBXBuildFile; fileRef = F1AA750B196267FE00F3F6D1 /* InfoPlist.strings */; };
		F1AA750F196267FE00F3F6D1 /* main.m in Sources */ = {isa = PBXBuildFile; fileRef = F1AA750E196267FE00F3F6D1 /* main.m */; };
		F1AA7513196267FE00F3F6D1 /* BNRAppDelegate.m in Sources */ = {isa = PBXBuildFile; fileRef = F1AA7512196267FE00F3F6D1 /* BNRAppDelegate.m */; };
		F1AA7515196267FE00F3F6D1 /* Images.xcassets in Resources */ = {isa = PBXBuildFile; fileRef = F1AA7514196267FE00F3F6D1 /* Images.xcassets */; };
		F1AA751C196267FE00F3F6D1 /* XCTest.framework in Frameworks */ = {isa = PBXBuildFile; fileRef = F1AA751B196267FE00F3F6D1 /* XCTest.framework */; };
		F1AA751D196267FE00F3F6D1 /* Foundation.framework in Frameworks */ = {isa = PBXBuildFile; fileRef = F1AA7502196267FE00F3F6D1 /* Foundation.framework */; };
		F1AA751E196267FE00F3F6D1 /* UIKit.framework in Frameworks */ = {isa = PBXBuildFile; fileRef = F1AA7506196267FE00F3F6D1 /* UIKit.framework */; };
		F1AA7526196267FE00F3F6D1 /* InfoPlist.strings in Resources */ = {isa = PBXBuildFile; fileRef = F1AA7524196267FE00F3F6D1 /* InfoPlist.strings */; };
		F1AA7528196267FE00F3F6D1 /* QuizTests.m in Sources */ = {isa = PBXBuildFile; fileRef = F1AA7527196267FE00F3F6D1 /* QuizTests.m */; };
		F1AA75341962696300F3F6D1 /* BNRQuizViewController.m in Sources */ = {isa = PBXBuildFile; fileRef = F1AA75321962696300F3F6D1 /* BNRQuizViewController.m */; };
		F1AA75351962696300F3F6D1 /* BNRQuizViewController.xib in Resources */ = {isa = PBXBuildFile; fileRef = F1AA75331962696300F3F6D1 /* BNRQuizViewController.xib */; };
/* End PBXBuildFile section */

/* Begin PBXContainerItemProxy section */
		F1AA751F196267FE00F3F6D1 /* PBXContainerItemProxy */ = {
			isa = PBXContainerItemProxy;
			containerPortal = F1AA74F7196267FE00F3F6D1 /* Project object */;
			proxyType = 1;
			remoteGlobalIDString = F1AA74FE196267FE00F3F6D1;
			remoteInfo = Quiz;
		};
/* End PBXContainerItemProxy section */

/* Begin PBXFileReference section */
		F1AA74FF196267FE00F3F6D1 /* Quiz.app */ = {isa = PBXFileReference; explicitFileType = wrapper.application; includeInIndex = 0; path = Quiz.app; sourceTree = BUILT_PRODUCTS_DIR; };
		F1AA7502196267FE00F3F6D1 /* Foundation.framework */ = {isa = PBXFileReference; lastKnownFileType = wrapper.framework; name = Foundation.framework; path = System/Library/Frameworks/Foundation.framework; sourceTree = SDKROOT; };
		F1AA7504196267FE00F3F6D1 /* CoreGraphics.framework */ = {isa = PBXFileReference; lastKnownFileType = wrapper.framework; name = CoreGraphics.framework; path = System/Library/Frameworks/CoreGraphics.framework; sourceTree = SDKROOT; };
		F1AA7506196267FE00F3F6D1 /* UIKit.framework */ = {isa = PBXFileReference; lastKnownFileType = wrapper.framework; name = UIKit.framework; path = System/Library/Frameworks/UIKit.framework; sourceTree = SDKROOT; };
		F1AA750A196267FE00F3F6D1 /* Quiz-Info.plist */ = {isa = PBXFileReference; lastKnownFileType = text.plist.xml; path = "Quiz-Info.plist"; sourceTree = "<group>"; };
		F1AA750C196267FE00F3F6D1 /* en */ = {isa = PBXFileReference; lastKnownFileType = text.plist.strings; name = en; path = en.lproj/InfoPlist.strings; sourceTree = "<group>"; };
		F1AA750E196267FE00F3F6D1 /* main.m */ = {isa = PBXFileReference; lastKnownFileType = sourcecode.c.objc; path = main.m; sourceTree = "<group>"; };
		F1AA7510196267FE00F3F6D1 /* Quiz-Prefix.pch */ = {isa = PBXFileReference; lastKnownFileType = sourcecode.c.h; path = "Quiz-Prefix.pch"; sourceTree = "<group>"; };
		F1AA7511196267FE00F3F6D1 /* BNRAppDelegate.h */ = {isa = PBXFileReference; lastKnownFileType = sourcecode.c.h; path = BNRAppDelegate.h; sourceTree = "<group>"; };
		F1AA7512196267FE00F3F6D1 /* BNRAppDelegate.m */ = {isa = PBXFileReference; lastKnownFileType = sourcecode.c.objc; path = BNRAppDelegate.m; sourceTree = "<group>"; };
		F1AA7514196267FE00F3F6D1 /* Images.xcassets */ = {isa = PBXFileReference; lastKnownFileType = folder.assetcatalog; path = Images.xcassets; sourceTree = "<group>"; };
		F1AA751A196267FE00F3F6D1 /* QuizTests.xctest */ = {isa = PBXFileReference; explicitFileType = wrapper.cfbundle; includeInIndex = 0; path = QuizTests.xctest; sourceTree = BUILT_PRODUCTS_DIR; };
		F1AA751B196267FE00F3F6D1 /* XCTest.framework */ = {isa = PBXFileReference; lastKnownFileType = wrapper.framework; name = XCTest.framework; path = Library/Frameworks/XCTest.framework; sourceTree = DEVELOPER_DIR; };
		F1AA7523196267FE00F3F6D1 /* QuizTests-Info.plist */ = {isa = PBXFileReference; lastKnownFileType = text.plist.xml; path = "QuizTests-Info.plist"; sourceTree = "<group>"; };
		F1AA7525196267FE00F3F6D1 /* en */ = {isa = PBXFileReference; lastKnownFileType = text.plist.strings; name = en; path = en.lproj/InfoPlist.strings; sourceTree = "<group>"; };
		F1AA7527196267FE00F3F6D1 /* QuizTests.m */ = {isa = PBXFileReference; lastKnownFileType = sourcecode.c.objc; path = QuizTests.m; sourceTree = "<group>"; };
		F1AA75311962696300F3F6D1 /* BNRQuizViewController.h */ = {isa = PBXFileReference; fileEncoding = 4; lastKnownFileType = sourcecode.c.h; path = BNRQuizViewController.h; sourceTree = "<group>"; };
		F1AA75321962696300F3F6D1 /* BNRQuizViewController.m */ = {isa = PBXFileReference; fileEncoding = 4; lastKnownFileType = sourcecode.c.objc; path = BNRQuizViewController.m; sourceTree = "<group>"; };
		F1AA75331962696300F3F6D1 /* BNRQuizViewController.xib */ = {isa = PBXFileReference; fileEncoding = 4; lastKnownFileType = file.xib; path = BNRQuizViewController.xib; sourceTree = "<group>"; };
/* End PBXFileReference section */

/* Begin PBXFrameworksBuildPhase section */
		F1AA74FC196267FE00F3F6D1 /* Frameworks */ = {
			isa = PBXFrameworksBuildPhase;
			buildActionMask = 2147483647;
			files = (
				F1AA7505196267FE00F3F6D1 /* CoreGraphics.framework in Frameworks */,
				F1AA7507196267FE00F3F6D1 /* UIKit.framework in Frameworks */,
				F1AA7503196267FE00F3F6D1 /* Foundation.framework in Frameworks */,
			);
			runOnlyForDeploymentPostprocessing = 0;
		};
		F1AA7517196267FE00F3F6D1 /* Frameworks */ = {
			isa = PBXFrameworksBuildPhase;
			buildActionMask = 2147483647;
			files = (
				F1AA751C196267FE00F3F6D1 /* XCTest.framework in Frameworks */,
				F1AA751E196267FE00F3F6D1 /* UIKit.framework in Frameworks */,
				F1AA751D196267FE00F3F6D1 /* Foundation.framework in Frameworks */,
			);
			runOnlyForDeploymentPostprocessing = 0;
		};
/* End PBXFrameworksBuildPhase section */

/* Begin PBXGroup section */
		F1AA74F6196267FE00F3F6D1 = {
			isa = PBXGroup;
			children = (
				F1AA7508196267FE00F3F6D1 /* Quiz */,
				F1AA7521196267FE00F3F6D1 /* QuizTests */,
				F1AA7501196267FE00F3F6D1 /* Frameworks */,
				F1AA7500196267FE00F3F6D1 /* Products */,
			);
			sourceTree = "<group>";
		};
		F1AA7500196267FE00F3F6D1 /* Products */ = {
			isa = PBXGroup;
			children = (
				F1AA74FF196267FE00F3F6D1 /* Quiz.app */,
				F1AA751A196267FE00F3F6D1 /* QuizTests.xctest */,
			);
			name = Products;
			sourceTree = "<group>";
		};
		F1AA7501196267FE00F3F6D1 /* Frameworks */ = {
			isa = PBXGroup;
			children = (
				F1AA7502196267FE00F3F6D1 /* Foundation.framework */,
				F1AA7504196267FE00F3F6D1 /* CoreGraphics.framework */,
				F1AA7506196267FE00F3F6D1 /* UIKit.framework */,
				F1AA751B196267FE00F3F6D1 /* XCTest.framework */,
			);
			name = Frameworks;
			sourceTree = "<group>";
		};
		F1AA7508196267FE00F3F6D1 /* Quiz */ = {
			isa = PBXGroup;
			children = (
				F1AA7511196267FE00F3F6D1 /* BNRAppDelegate.h */,
				F1AA7512196267FE00F3F6D1 /* BNRAppDelegate.m */,
				F1AA75311962696300F3F6D1 /* BNRQuizViewController.h */,
				F1AA75321962696300F3F6D1 /* BNRQuizViewController.m */,
				F1AA75331962696300F3F6D1 /* BNRQuizViewController.xib */,
				F1AA7514196267FE00F3F6D1 /* Images.xcassets */,
				F1AA7509196267FE00F3F6D1 /* Supporting Files */,
			);
			path = Quiz;
			sourceTree = "<group>";
		};
		F1AA7509196267FE00F3F6D1 /* Supporting Files */ = {
			isa = PBXGroup;
			children = (
				F1AA750A196267FE00F3F6D1 /* Quiz-Info.plist */,
				F1AA750B196267FE00F3F6D1 /* InfoPlist.strings */,
				F1AA750E196267FE00F3F6D1 /* main.m */,
				F1AA7510196267FE00F3F6D1 /* Quiz-Prefix.pch */,
			);
			name = "Supporting Files";
			sourceTree = "<group>";
		};
		F1AA7521196267FE00F3F6D1 /* QuizTests */ = {
			isa = PBXGroup;
			children = (
				F1AA7527196267FE00F3F6D1 /* QuizTests.m */,
				F1AA7522196267FE00F3F6D1 /* Supporting Files */,
			);
			path = QuizTests;
			sourceTree = "<group>";
		};
		F1AA7522196267FE00F3F6D1 /* Supporting Files */ = {
			isa = PBXGroup;
			children = (
				F1AA7523196267FE00F3F6D1 /* QuizTests-Info.plist */,
				F1AA7524196267FE00F3F6D1 /* InfoPlist.strings */,
			);
			name = "Supporting Files";
			sourceTree = "<group>";
		};
/* End PBXGroup section */

/* Begin PBXNativeTarget section */
		F1AA74FE196267FE00F3F6D1 /* Quiz */ = {
			isa = PBXNativeTarget;
			buildConfigurationList = F1AA752B196267FE00F3F6D1 /* Build configuration list for PBXNativeTarget "Quiz" */;
			buildPhases = (
				F1AA74FB196267FE00F3F6D1 /* Sources */,
				F1AA74FC196267FE00F3F6D1 /* Frameworks */,
				F1AA74FD196267FE00F3F6D1 /* Resources */,
			);
			buildRules = (
			);
			dependencies = (
			);
			name = Quiz;
			productName = Quiz;
			productReference = F1AA74FF196267FE00F3F6D1 /* Quiz.app */;
			productType = "com.apple.product-type.application";
		};
		F1AA7519196267FE00F3F6D1 /* QuizTests */ = {
			isa = PBXNativeTarget;
			buildConfigurationList = F1AA752E196267FE00F3F6D1 /* Build configuration list for PBXNativeTarget "QuizTests" */;
			buildPhases = (
				F1AA7516196267FE00F3F6D1 /* Sources */,
				F1AA7517196267FE00F3F6D1 /* Frameworks */,
				F1AA7518196267FE00F3F6D1 /* Resources */,
			);
			buildRules = (
			);
			dependencies = (
				F1AA7520196267FE00F3F6D1 /* PBXTargetDependency */,
			);
			name = QuizTests;
			productName = QuizTests;
			productReference = F1AA751A196267FE00F3F6D1 /* QuizTests.xctest */;
			productType = "com.apple.product-type.bundle.unit-test";
		};
/* End PBXNativeTarget section */

/* Begin PBXProject section */
		F1AA74F7196267FE00F3F6D1 /* Project object */ = {
			isa = PBXProject;
			attributes = {
				CLASSPREFIX = BNR;
				LastUpgradeCheck = 0510;
				ORGANIZATIONNAME = Steffan;
				TargetAttributes = {
					F1AA7519196267FE00F3F6D1 = {
						TestTargetID = F1AA74FE196267FE00F3F6D1;
					};
				};
			};
			buildConfigurationList = F1AA74FA196267FE00F3F6D1 /* Build configuration list for PBXProject "Quiz" */;
			compatibilityVersion = "Xcode 3.2";
			developmentRegion = English;
			hasScannedForEncodings = 0;
			knownRegions = (
				en,
			);
			mainGroup = F1AA74F6196267FE00F3F6D1;
			productRefGroup = F1AA7500196267FE00F3F6D1 /* Products */;
			projectDirPath = "";
			projectRoot = "";
			targets = (
				F1AA74FE196267FE00F3F6D1 /* Quiz */,
				F1AA7519196267FE00F3F6D1 /* QuizTests */,
			);
		};
/* End PBXProject section */

/* Begin PBXResourcesBuildPhase section */
		F1AA74FD196267FE00F3F6D1 /* Resources */ = {
			isa = PBXResourcesBuildPhase;
			buildActionMask = 2147483647;
			files = (
				F1AA750D196267FE00F3F6D1 /* InfoPlist.strings in Resources */,
				F1AA75351962696300F3F6D1 /* BNRQuizViewController.xib in Resources */,
				F1AA7515196267FE00F3F6D1 /* Images.xcassets in Resources */,
			);
			runOnlyForDeploymentPostprocessing = 0;
		};
		F1AA7518196267FE00F3F6D1 /* Resources */ = {
			isa = PBXResourcesBuildPhase;
			buildActionMask = 2147483647;
			files = (
				F1AA7526196267FE00F3F6D1 /* InfoPlist.strings in Resources */,
			);
			runOnlyForDeploymentPostprocessing = 0;
		};
/* End PBXResourcesBuildPhase section */

/* Begin PBXSourcesBuildPhase section */
		F1AA74FB196267FE00F3F6D1 /* Sources */ = {
			isa = PBXSourcesBuildPhase;
			buildActionMask = 2147483647;
			files = (
				F1AA750F196267FE00F3F6D1 /* main.m in Sources */,
				F1AA7513196267FE00F3F6D1 /* BNRAppDelegate.m in Sources */,
				F1AA75341962696300F3F6D1 /* BNRQuizViewController.m in Sources */,
			);
			runOnlyForDeploymentPostprocessing = 0;
		};
		F1AA7516196267FE00F3F6D1 /* Sources */ = {
			isa = PBXSourcesBuildPhase;
			buildActionMask = 2147483647;
			files = (
				F1AA7528196267FE00F3F6D1 /* QuizTests.m in Sources */,
			);
			runOnlyForDeploymentPostprocessing = 0;
		};
/* End PBXSourcesBuildPhase section */

/* Begin PBXTargetDependency section */
		F1AA7520196267FE00F3F6D1 /* PBXTargetDependency */ = {
			isa = PBXTargetDependency;
			target = F1AA74FE196267FE00F3F6D1 /* Quiz */;
			targetProxy = F1AA751F196267FE00F3F6D1 /* PBXContainerItemProxy */;
		};
/* End PBXTargetDependency section */

/* Begin PBXVariantGroup section */
		F1AA750B196267FE00F3F6D1 /* InfoPlist.strings */ = {
			isa = PBXVariantGroup;
			children = (
				F1AA750C196267FE00F3F6D1 /* en */,
			);
			name = InfoPlist.strings;
			sourceTree = "<group>";
		};
		F1AA7524196267FE00F3F6D1 /* InfoPlist.strings */ = {
			isa = PBXVariantGroup;
			children = (
				F1AA7525196267FE00F3F6D1 /* en */,
			);
			name = InfoPlist.strings;
			sourceTree = "<group>";
		};
/* End PBXVariantGroup section */

/* Begin XCBuildConfiguration section */
		F1AA7529196267FE00F3F6D1 /* Debug */ = {
			isa = XCBuildConfiguration;
			buildSettings = {
				ALWAYS_SEARCH_USER_PATHS = NO;
				CLANG_CXX_LANGUAGE_STANDARD = "gnu++0x";
				CLANG_CXX_LIBRARY = "libc++";
				CLANG_ENABLE_MODULES = YES;
				CLANG_ENABLE_OBJC_ARC = YES;
				CLANG_WARN_BOOL_CONVERSION = YES;
				CLANG_WARN_CONSTANT_CONVERSION = YES;
				CLANG_WARN_DIRECT_OBJC_ISA_USAGE = YES_ERROR;
				CLANG_WARN_EMPTY_BODY = YES;
				CLANG_WARN_ENUM_CONVERSION = YES;
				CLANG_WARN_INT_CONVERSION = YES;
				CLANG_WARN_OBJC_ROOT_CLASS = YES_ERROR;
				CLANG_WARN__DUPLICATE_METHOD_MATCH = YES;
				"CODE_SIGN_IDENTITY[sdk=iphoneos*]" = "iPhone Developer";
				COPY_PHASE_STRIP = NO;
				GCC_C_LANGUAGE_STANDARD = gnu99;
				GCC_DYNAMIC_NO_PIC = NO;
				GCC_OPTIMIZATION_LEVEL = 0;
				GCC_PREPROCESSOR_DEFINITIONS = (
					"DEBUG=1",
					"$(inherited)",
				);
				GCC_SYMBOLS_PRIVATE_EXTERN = NO;
				GCC_WARN_64_TO_32_BIT_CONVERSION = YES;
				GCC_WARN_ABOUT_RETURN_TYPE = YES_ERROR;
				GCC_WARN_UNDECLARED_SELECTOR = YES;
				GCC_WARN_UNINITIALIZED_AUTOS = YES_AGGRESSIVE;
				GCC_WARN_UNUSED_FUNCTION = YES;
				GCC_WARN_UNUSED_VARIABLE = YES;
				IPHONEOS_DEPLOYMENT_TARGET = 7.1;
				ONLY_ACTIVE_ARCH = YES;
				SDKROOT = iphoneos;
			};
			name = Debug;
		};
		F1AA752A196267FE00F3F6D1 /* Release */ = {
			isa = XCBuildConfiguration;
			buildSettings = {
				ALWAYS_SEARCH_USER_PATHS = NO;
				CLANG_CXX_LANGUAGE_STANDARD = "gnu++0x";
				CLANG_CXX_LIBRARY = "libc++";
				CLANG_ENABLE_MODULES = YES;
				CLANG_ENABLE_OBJC_ARC = YES;
				CLANG_WARN_BOOL_CONVERSION = YES;
				CLANG_WARN_CONSTANT_CONVERSION = YES;
				CLANG_WARN_DIRECT_OBJC_ISA_USAGE = YES_ERROR;
				CLANG_WARN_EMPTY_BODY = YES;
				CLANG_WARN_ENUM_CONVERSION = YES;
				CLANG_WARN_INT_CONVERSION = YES;
				CLANG_WARN_OBJC_ROOT_CLASS = YES_ERROR;
				CLANG_WARN__DUPLICATE_METHOD_MATCH = YES;
				"CODE_SIGN_IDENTITY[sdk=iphoneos*]" = "iPhone Developer";
				COPY_PHASE_STRIP = YES;
				ENABLE_NS_ASSERTIONS = NO;
				GCC_C_LANGUAGE_STANDARD = gnu99;
				GCC_WARN_64_TO_32_BIT_CONVERSION = YES;
				GCC_WARN_ABOUT_RETURN_TYPE = YES_ERROR;
				GCC_WARN_UNDECLARED_SELECTOR = YES;
				GCC_WARN_UNINITIALIZED_AUTOS = YES_AGGRESSIVE;
				GCC_WARN_UNUSED_FUNCTION = YES;
				GCC_WARN_UNUSED_VARIABLE = YES;
				IPHONEOS_DEPLOYMENT_TARGET = 7.1;
				SDKROOT = iphoneos;
				VALIDATE_PRODUCT = YES;
			};
			name = Release;
		};
		F1AA752C196267FE00F3F6D1 /* Debug */ = {
			isa = XCBuildConfiguration;
			buildSettings = {
				ASSETCATALOG_COMPILER_APPICON_NAME = AppIcon;
				ASSETCATALOG_COMPILER_LAUNCHIMAGE_NAME = LaunchImage;
				GCC_PRECOMPILE_PREFIX_HEADER = YES;
				GCC_PREFIX_HEADER = "Quiz/Quiz-Prefix.pch";
				INFOPLIST_FILE = "Quiz/Quiz-Info.plist";
				PRODUCT_NAME = "$(TARGET_NAME)";
				WRAPPER_EXTENSION = app;
			};
			name = Debug;
		};
		F1AA752D196267FE00F3F6D1 /* Release */ = {
			isa = XCBuildConfiguration;
			buildSettings = {
				ASSETCATALOG_COMPILER_APPICON_NAME = AppIcon;
				ASSETCATALOG_COMPILER_LAUNCHIMAGE_NAME = LaunchImage;
				GCC_PRECOMPILE_PREFIX_HEADER = YES;
				GCC_PREFIX_HEADER = "Quiz/Quiz-Prefix.pch";
				INFOPLIST_FILE = "Quiz/Quiz-Info.plist";
				PRODUCT_NAME = "$(TARGET_NAME)";
				WRAPPER_EXTENSION = app;
			};
			name = Release;
		};
		F1AA752F196267FE00F3F6D1 /* Debug */ = {
			isa = XCBuildConfiguration;
			buildSettings = {
				BUNDLE_LOADER = "$(BUILT_PRODUCTS_DIR)/Quiz.app/Quiz";
				FRAMEWORK_SEARCH_PATHS = (
					"$(SDKROOT)/Developer/Library/Frameworks",
					"$(inherited)",
					"$(DEVELOPER_FRAMEWORKS_DIR)",
				);
				GCC_PRECOMPILE_PREFIX_HEADER = YES;
				GCC_PREFIX_HEADER = "Quiz/Quiz-Prefix.pch";
				GCC_PREPROCESSOR_DEFINITIONS = (
					"DEBUG=1",
					"$(inherited)",
				);
				INFOPLIST_FILE = "QuizTests/QuizTests-Info.plist";
				PRODUCT_NAME = "$(TARGET_NAME)";
				TEST_HOST = "$(BUNDLE_LOADER)";
				WRAPPER_EXTENSION = xctest;
			};
			name = Debug;
		};
		F1AA7530196267FE00F3F6D1 /* Release */ = {
			isa = XCBuildConfiguration;
			buildSettings = {
				BUNDLE_LOADER = "$(BUILT_PRODUCTS_DIR)/Quiz.app/Quiz";
				FRAMEWORK_SEARCH_PATHS = (
					"$(SDKROOT)/Developer/Library/Frameworks",
					"$(inherited)",
					"$(DEVELOPER_FRAMEWORKS_DIR)",
				);
				GCC_PRECOMPILE_PREFIX_HEADER = YES;
				GCC_PREFIX_HEADER = "Quiz/Quiz-Prefix.pch";
				INFOPLIST_FILE = "QuizTests/QuizTests-Info.plist";
				PRODUCT_NAME = "$(TARGET_NAME)";
				TEST_HOST = "$(BUNDLE_LOADER)";
				WRAPPER_EXTENSION = xctest;
			};
			name = Release;
		};
/* End XCBuildConfiguration section */

/* Begin XCConfigurationList section */
		F1AA74FA196267FE00F3F6D1 /* Build configuration list for PBXProject "Quiz" */ = {
			isa = XCConfigurationList;
			buildConfigurations = (
				F1AA7529196267FE00F3F6D1 /* Debug */,
				F1AA752A196267FE00F3F6D1 /* Release */,
			);
			defaultConfigurationIsVisible = 0;
			defaultConfigurationName = Release;
		};
		F1AA752B196267FE00F3F6D1 /* Build configuration list for PBXNativeTarget "Quiz" */ = {
			isa = XCConfigurationList;
			buildConfigurations = (
				F1AA752C196267FE00F3F6D1 /* Debug */,
				F1AA752D196267FE00F3F6D1 /* Release */,
			);
			defaultConfigurationIsVisible = 0;
		};
		F1AA752E196267FE00F3F6D1 /* Build configuration list for PBXNativeTarget "QuizTests" */ = {
			isa = XCConfigurationList;
			buildConfigurations = (
				F1AA752F196267FE00F3F6D1 /* Debug */,
				F1AA7530196267FE00F3F6D1 /* Release */,
			);
			defaultConfigurationIsVisible = 0;
		};
/* End XCConfigurationList section */
	};
	rootObject = F1AA74F7196267FE00F3F6D1 /* Project object */;
}
